PODS:
  - FormTableView (0.1.0)

DEPENDENCIES:
  - FormTableView (from `/Users/jmh/FormTableView`)

EXTERNAL SOURCES:
  FormTableView:
    :path: /Users/jmh/FormTableView

SPEC CHECKSUMS:
  FormTableView: 895ba8c1075b618584fbc9203372115d9cb30f4f

PODFILE CHECKSUM: 43cdb914b45f25f527e087c57973cfd043406b15

COCOAPODS: 1.4.0
