PODS:
  - FormTableView (0.1.0)

DEPENDENCIES:
  - FormTableView (from `/Users/jmh/FormTableView`)

EXTERNAL SOURCES:
  FormTableView:
    :path: /Users/jmh/FormTableView

SPEC CHECKSUMS:
  FormTableView: 0c45cfb12494b96ae421ae2a893e897e83dc9577

PODFILE CHECKSUM: 43cdb914b45f25f527e087c57973cfd043406b15

COCOAPODS: 1.4.0
